
Microsoft Visual Studio Solution File, Format Version 12.00
# Visual Studio Version 17
VisualStudioVersion = 17.14.36511.14 d17.14
MinimumVisualStudioVersion = 10.0.40219.1
Project("{FAE04EC0-301F-11D3-BF4B-00C04F79EFBC}") = "Corporate_Banking_Payment_Application", "Corporate_Banking_Payment_Application\Corporate_Banking_Payment_Application.csproj", "{3B71A40C-348E-43F5-9940-0A75D5B115A2}"
EndProject
Global
	GlobalSection(SolutionConfigurationPlatforms) = preSolution
		Debug|Any CPU = Debug|Any CPU
		Release|Any CPU = Release|Any CPU
	EndGlobalSection
	GlobalSection(ProjectConfigurationPlatforms) = postSolution
		{3B71A40C-348E-43F5-9940-0A75D5B115A2}.Debug|Any CPU.ActiveCfg = Debug|Any CPU
		{3B71A40C-348E-43F5-9940-0A75D5B115A2}.Debug|Any CPU.Build.0 = Debug|Any CPU
		{3B71A40C-348E-43F5-9940-0A75D5B115A2}.Release|Any CPU.ActiveCfg = Release|Any CPU
		{3B71A40C-348E-43F5-9940-0A75D5B115A2}.Release|Any CPU.Build.0 = Release|Any CPU
	EndGlobalSection
	GlobalSection(SolutionProperties) = preSolution
		HideSolutionNode = FALSE
	EndGlobalSection
	GlobalSection(ExtensibilityGlobals) = postSolution
		SolutionGuid = {9C2FBDEC-9790-4087-B236-6A773C9DC323}
	EndGlobalSection
EndGlobal
